
Microsoft Visual Studio Solution File, Format Version 12.00
Project("{FAE04EC0-301F-11D3-BF4B-00C04F79EFBC}") = "Day01", "Day01\Day01.csproj", "{52DC88C8-22CE-4B94-A412-E5FD8A7F14F3}"
EndProject
Project("{FAE04EC0-301F-11D3-BF4B-00C04F79EFBC}") = "Day02", "Day02\Day02.csproj", "{D296A4DD-90A5-4201-9CB8-5B7E2DC1A80E}"
EndProject
Project("{FAE04EC0-301F-11D3-BF4B-00C04F79EFBC}") = "Day03", "Day03\Day03.csproj", "{C12DE5BE-12A9-4293-98DE-E2E9B13ED7E5}"
EndProject
Project("{FAE04EC0-301F-11D3-BF4B-00C04F79EFBC}") = "Day04", "Day04\Day04.csproj", "{95E23DB4-43FD-4F55-B7BC-7F4A4D12EF3E}"
EndProject
Project("{FAE04EC0-301F-11D3-BF4B-00C04F79EFBC}") = "Day05", "Day05\Day05.csproj", "{D098E3D1-88A6-4217-87EF-5156A20E9472}"
EndProject
Project("{FAE04EC0-301F-11D3-BF4B-00C04F79EFBC}") = "Day06", "Day06\Day06.csproj", "{6DB1250B-E402-4F82-BD10-442FF16F757F}"
EndProject
Project("{FAE04EC0-301F-11D3-BF4B-00C04F79EFBC}") = "Day07", "Day07\Day07.csproj", "{9F923AB8-FFAE-4A04-93F9-D1A5297FE927}"
EndProject
Project("{FAE04EC0-301F-11D3-BF4B-00C04F79EFBC}") = "Day08", "Day08\Day08.csproj", "{E6BCA3F8-CE1C-4A9D-9BCE-3CEF350B5467}"
EndProject
Project("{FAE04EC0-301F-11D3-BF4B-00C04F79EFBC}") = "Day09", "Day09\Day09.csproj", "{80A33EDD-E9C9-4085-A114-0EA2548CFE60}"
EndProject
Project("{FAE04EC0-301F-11D3-BF4B-00C04F79EFBC}") = "Day10", "Day10\Day10.csproj", "{88920B22-E420-443D-A0FD-26D6D2E7CC14}"
EndProject
Project("{FAE04EC0-301F-11D3-BF4B-00C04F79EFBC}") = "Day11", "Day11\Day11.csproj", "{1A2FD3A2-1667-4654-A54C-3B0F95EB4FC8}"
EndProject
Project("{FAE04EC0-301F-11D3-BF4B-00C04F79EFBC}") = "Day12", "Day12\Day12.csproj", "{E36E0053-7B27-463B-9BC9-7038041FB9A5}"
EndProject
Project("{FAE04EC0-301F-11D3-BF4B-00C04F79EFBC}") = "Day13", "Day13\Day13.csproj", "{30F520E5-4818-4350-9D98-0B7D0A2A3014}"
EndProject
Project("{FAE04EC0-301F-11D3-BF4B-00C04F79EFBC}") = "Day14", "Day14\Day14.csproj", "{8EC7AB71-6F97-440B-991D-49E1ABEBBF3E}"
EndProject
Project("{FAE04EC0-301F-11D3-BF4B-00C04F79EFBC}") = "Day15", "Day15\Day15.csproj", "{B1A240C9-74C8-4531-BAFD-BED538F5961A}"
EndProject
Project("{FAE04EC0-301F-11D3-BF4B-00C04F79EFBC}") = "Day16", "Day16\Day16.csproj", "{B5A1AB7F-3A27-4A06-B5BA-FFDA17591511}"
EndProject
Project("{FAE04EC0-301F-11D3-BF4B-00C04F79EFBC}") = "Day17", "Day17\Day17.csproj", "{FA411DE4-D8F9-41C3-8913-D464B4E232AE}"
EndProject
Global
	GlobalSection(SolutionConfigurationPlatforms) = preSolution
		Debug|Any CPU = Debug|Any CPU
		Release|Any CPU = Release|Any CPU
	EndGlobalSection
	GlobalSection(ProjectConfigurationPlatforms) = postSolution
		{52DC88C8-22CE-4B94-A412-E5FD8A7F14F3}.Debug|Any CPU.ActiveCfg = Debug|Any CPU
		{52DC88C8-22CE-4B94-A412-E5FD8A7F14F3}.Debug|Any CPU.Build.0 = Debug|Any CPU
		{52DC88C8-22CE-4B94-A412-E5FD8A7F14F3}.Release|Any CPU.ActiveCfg = Release|Any CPU
		{52DC88C8-22CE-4B94-A412-E5FD8A7F14F3}.Release|Any CPU.Build.0 = Release|Any CPU
		{D296A4DD-90A5-4201-9CB8-5B7E2DC1A80E}.Debug|Any CPU.ActiveCfg = Debug|Any CPU
		{D296A4DD-90A5-4201-9CB8-5B7E2DC1A80E}.Debug|Any CPU.Build.0 = Debug|Any CPU
		{D296A4DD-90A5-4201-9CB8-5B7E2DC1A80E}.Release|Any CPU.ActiveCfg = Release|Any CPU
		{D296A4DD-90A5-4201-9CB8-5B7E2DC1A80E}.Release|Any CPU.Build.0 = Release|Any CPU
		{C12DE5BE-12A9-4293-98DE-E2E9B13ED7E5}.Debug|Any CPU.ActiveCfg = Debug|Any CPU
		{C12DE5BE-12A9-4293-98DE-E2E9B13ED7E5}.Debug|Any CPU.Build.0 = Debug|Any CPU
		{C12DE5BE-12A9-4293-98DE-E2E9B13ED7E5}.Release|Any CPU.ActiveCfg = Release|Any CPU
		{C12DE5BE-12A9-4293-98DE-E2E9B13ED7E5}.Release|Any CPU.Build.0 = Release|Any CPU
		{95E23DB4-43FD-4F55-B7BC-7F4A4D12EF3E}.Debug|Any CPU.ActiveCfg = Debug|Any CPU
		{95E23DB4-43FD-4F55-B7BC-7F4A4D12EF3E}.Debug|Any CPU.Build.0 = Debug|Any CPU
		{95E23DB4-43FD-4F55-B7BC-7F4A4D12EF3E}.Release|Any CPU.ActiveCfg = Release|Any CPU
		{95E23DB4-43FD-4F55-B7BC-7F4A4D12EF3E}.Release|Any CPU.Build.0 = Release|Any CPU
		{D098E3D1-88A6-4217-87EF-5156A20E9472}.Debug|Any CPU.ActiveCfg = Debug|Any CPU
		{D098E3D1-88A6-4217-87EF-5156A20E9472}.Debug|Any CPU.Build.0 = Debug|Any CPU
		{D098E3D1-88A6-4217-87EF-5156A20E9472}.Release|Any CPU.ActiveCfg = Release|Any CPU
		{D098E3D1-88A6-4217-87EF-5156A20E9472}.Release|Any CPU.Build.0 = Release|Any CPU
		{6DB1250B-E402-4F82-BD10-442FF16F757F}.Debug|Any CPU.ActiveCfg = Debug|Any CPU
		{6DB1250B-E402-4F82-BD10-442FF16F757F}.Debug|Any CPU.Build.0 = Debug|Any CPU
		{6DB1250B-E402-4F82-BD10-442FF16F757F}.Release|Any CPU.ActiveCfg = Release|Any CPU
		{6DB1250B-E402-4F82-BD10-442FF16F757F}.Release|Any CPU.Build.0 = Release|Any CPU
		{9F923AB8-FFAE-4A04-93F9-D1A5297FE927}.Debug|Any CPU.ActiveCfg = Debug|Any CPU
		{9F923AB8-FFAE-4A04-93F9-D1A5297FE927}.Debug|Any CPU.Build.0 = Debug|Any CPU
		{9F923AB8-FFAE-4A04-93F9-D1A5297FE927}.Release|Any CPU.ActiveCfg = Release|Any CPU
		{9F923AB8-FFAE-4A04-93F9-D1A5297FE927}.Release|Any CPU.Build.0 = Release|Any CPU
		{E6BCA3F8-CE1C-4A9D-9BCE-3CEF350B5467}.Debug|Any CPU.ActiveCfg = Debug|Any CPU
		{E6BCA3F8-CE1C-4A9D-9BCE-3CEF350B5467}.Debug|Any CPU.Build.0 = Debug|Any CPU
		{E6BCA3F8-CE1C-4A9D-9BCE-3CEF350B5467}.Release|Any CPU.ActiveCfg = Release|Any CPU
		{E6BCA3F8-CE1C-4A9D-9BCE-3CEF350B5467}.Release|Any CPU.Build.0 = Release|Any CPU
		{80A33EDD-E9C9-4085-A114-0EA2548CFE60}.Debug|Any CPU.ActiveCfg = Debug|Any CPU
		{80A33EDD-E9C9-4085-A114-0EA2548CFE60}.Debug|Any CPU.Build.0 = Debug|Any CPU
		{80A33EDD-E9C9-4085-A114-0EA2548CFE60}.Release|Any CPU.ActiveCfg = Release|Any CPU
		{80A33EDD-E9C9-4085-A114-0EA2548CFE60}.Release|Any CPU.Build.0 = Release|Any CPU
		{88920B22-E420-443D-A0FD-26D6D2E7CC14}.Debug|Any CPU.ActiveCfg = Debug|Any CPU
		{88920B22-E420-443D-A0FD-26D6D2E7CC14}.Debug|Any CPU.Build.0 = Debug|Any CPU
		{88920B22-E420-443D-A0FD-26D6D2E7CC14}.Release|Any CPU.ActiveCfg = Release|Any CPU
		{88920B22-E420-443D-A0FD-26D6D2E7CC14}.Release|Any CPU.Build.0 = Release|Any CPU
		{1A2FD3A2-1667-4654-A54C-3B0F95EB4FC8}.Debug|Any CPU.ActiveCfg = Debug|Any CPU
		{1A2FD3A2-1667-4654-A54C-3B0F95EB4FC8}.Debug|Any CPU.Build.0 = Debug|Any CPU
		{1A2FD3A2-1667-4654-A54C-3B0F95EB4FC8}.Release|Any CPU.ActiveCfg = Release|Any CPU
		{1A2FD3A2-1667-4654-A54C-3B0F95EB4FC8}.Release|Any CPU.Build.0 = Release|Any CPU
		{E36E0053-7B27-463B-9BC9-7038041FB9A5}.Debug|Any CPU.ActiveCfg = Debug|Any CPU
		{E36E0053-7B27-463B-9BC9-7038041FB9A5}.Debug|Any CPU.Build.0 = Debug|Any CPU
		{E36E0053-7B27-463B-9BC9-7038041FB9A5}.Release|Any CPU.ActiveCfg = Release|Any CPU
		{E36E0053-7B27-463B-9BC9-7038041FB9A5}.Release|Any CPU.Build.0 = Release|Any CPU
		{30F520E5-4818-4350-9D98-0B7D0A2A3014}.Debug|Any CPU.ActiveCfg = Debug|Any CPU
		{30F520E5-4818-4350-9D98-0B7D0A2A3014}.Debug|Any CPU.Build.0 = Debug|Any CPU
		{30F520E5-4818-4350-9D98-0B7D0A2A3014}.Release|Any CPU.ActiveCfg = Release|Any CPU
		{30F520E5-4818-4350-9D98-0B7D0A2A3014}.Release|Any CPU.Build.0 = Release|Any CPU
		{8EC7AB71-6F97-440B-991D-49E1ABEBBF3E}.Debug|Any CPU.ActiveCfg = Debug|Any CPU
		{8EC7AB71-6F97-440B-991D-49E1ABEBBF3E}.Debug|Any CPU.Build.0 = Debug|Any CPU
		{8EC7AB71-6F97-440B-991D-49E1ABEBBF3E}.Release|Any CPU.ActiveCfg = Release|Any CPU
		{8EC7AB71-6F97-440B-991D-49E1ABEBBF3E}.Release|Any CPU.Build.0 = Release|Any CPU
		{B1A240C9-74C8-4531-BAFD-BED538F5961A}.Debug|Any CPU.ActiveCfg = Debug|Any CPU
		{B1A240C9-74C8-4531-BAFD-BED538F5961A}.Debug|Any CPU.Build.0 = Debug|Any CPU
		{B1A240C9-74C8-4531-BAFD-BED538F5961A}.Release|Any CPU.ActiveCfg = Release|Any CPU
		{B1A240C9-74C8-4531-BAFD-BED538F5961A}.Release|Any CPU.Build.0 = Release|Any CPU
		{B5A1AB7F-3A27-4A06-B5BA-FFDA17591511}.Debug|Any CPU.ActiveCfg = Debug|Any CPU
		{B5A1AB7F-3A27-4A06-B5BA-FFDA17591511}.Debug|Any CPU.Build.0 = Debug|Any CPU
		{B5A1AB7F-3A27-4A06-B5BA-FFDA17591511}.Release|Any CPU.ActiveCfg = Release|Any CPU
		{B5A1AB7F-3A27-4A06-B5BA-FFDA17591511}.Release|Any CPU.Build.0 = Release|Any CPU
		{FA411DE4-D8F9-41C3-8913-D464B4E232AE}.Debug|Any CPU.ActiveCfg = Debug|Any CPU
		{FA411DE4-D8F9-41C3-8913-D464B4E232AE}.Debug|Any CPU.Build.0 = Debug|Any CPU
		{FA411DE4-D8F9-41C3-8913-D464B4E232AE}.Release|Any CPU.ActiveCfg = Release|Any CPU
		{FA411DE4-D8F9-41C3-8913-D464B4E232AE}.Release|Any CPU.Build.0 = Release|Any CPU
	EndGlobalSection
EndGlobal
