
Microsoft Visual Studio Solution File, Format Version 12.00
Project("{FAE04EC0-301F-11D3-BF4B-00C04F79EFBC}") = "Day1", "Day1\Day1.csproj", "{52DC88C8-22CE-4B94-A412-E5FD8A7F14F3}"
EndProject
Project("{FAE04EC0-301F-11D3-BF4B-00C04F79EFBC}") = "Day2", "Day2\Day2.csproj", "{D296A4DD-90A5-4201-9CB8-5B7E2DC1A80E}"
EndProject
Project("{FAE04EC0-301F-11D3-BF4B-00C04F79EFBC}") = "Day3", "Day3\Day3.csproj", "{C12DE5BE-12A9-4293-98DE-E2E9B13ED7E5}"
EndProject
Project("{FAE04EC0-301F-11D3-BF4B-00C04F79EFBC}") = "Day4", "Day4\Day4.csproj", "{95E23DB4-43FD-4F55-B7BC-7F4A4D12EF3E}"
EndProject
Project("{FAE04EC0-301F-11D3-BF4B-00C04F79EFBC}") = "Day5", "Day5\Day5.csproj", "{D098E3D1-88A6-4217-87EF-5156A20E9472}"
EndProject
Project("{FAE04EC0-301F-11D3-BF4B-00C04F79EFBC}") = "Day6", "Day6\Day6.csproj", "{6DB1250B-E402-4F82-BD10-442FF16F757F}"
EndProject
Project("{FAE04EC0-301F-11D3-BF4B-00C04F79EFBC}") = "Day7", "Day7\Day7.csproj", "{9F923AB8-FFAE-4A04-93F9-D1A5297FE927}"
EndProject
Project("{FAE04EC0-301F-11D3-BF4B-00C04F79EFBC}") = "Day9", "Day9\Day9.csproj", "{80A33EDD-E9C9-4085-A114-0EA2548CFE60}"
EndProject
Global
	GlobalSection(SolutionConfigurationPlatforms) = preSolution
		Debug|Any CPU = Debug|Any CPU
		Release|Any CPU = Release|Any CPU
	EndGlobalSection
	GlobalSection(ProjectConfigurationPlatforms) = postSolution
		{52DC88C8-22CE-4B94-A412-E5FD8A7F14F3}.Debug|Any CPU.ActiveCfg = Debug|Any CPU
		{52DC88C8-22CE-4B94-A412-E5FD8A7F14F3}.Debug|Any CPU.Build.0 = Debug|Any CPU
		{52DC88C8-22CE-4B94-A412-E5FD8A7F14F3}.Release|Any CPU.ActiveCfg = Release|Any CPU
		{52DC88C8-22CE-4B94-A412-E5FD8A7F14F3}.Release|Any CPU.Build.0 = Release|Any CPU
		{D296A4DD-90A5-4201-9CB8-5B7E2DC1A80E}.Debug|Any CPU.ActiveCfg = Debug|Any CPU
		{D296A4DD-90A5-4201-9CB8-5B7E2DC1A80E}.Debug|Any CPU.Build.0 = Debug|Any CPU
		{D296A4DD-90A5-4201-9CB8-5B7E2DC1A80E}.Release|Any CPU.ActiveCfg = Release|Any CPU
		{D296A4DD-90A5-4201-9CB8-5B7E2DC1A80E}.Release|Any CPU.Build.0 = Release|Any CPU
		{C12DE5BE-12A9-4293-98DE-E2E9B13ED7E5}.Debug|Any CPU.ActiveCfg = Debug|Any CPU
		{C12DE5BE-12A9-4293-98DE-E2E9B13ED7E5}.Debug|Any CPU.Build.0 = Debug|Any CPU
		{C12DE5BE-12A9-4293-98DE-E2E9B13ED7E5}.Release|Any CPU.ActiveCfg = Release|Any CPU
		{C12DE5BE-12A9-4293-98DE-E2E9B13ED7E5}.Release|Any CPU.Build.0 = Release|Any CPU
		{95E23DB4-43FD-4F55-B7BC-7F4A4D12EF3E}.Debug|Any CPU.ActiveCfg = Debug|Any CPU
		{95E23DB4-43FD-4F55-B7BC-7F4A4D12EF3E}.Debug|Any CPU.Build.0 = Debug|Any CPU
		{95E23DB4-43FD-4F55-B7BC-7F4A4D12EF3E}.Release|Any CPU.ActiveCfg = Release|Any CPU
		{95E23DB4-43FD-4F55-B7BC-7F4A4D12EF3E}.Release|Any CPU.Build.0 = Release|Any CPU
		{D098E3D1-88A6-4217-87EF-5156A20E9472}.Debug|Any CPU.ActiveCfg = Debug|Any CPU
		{D098E3D1-88A6-4217-87EF-5156A20E9472}.Debug|Any CPU.Build.0 = Debug|Any CPU
		{D098E3D1-88A6-4217-87EF-5156A20E9472}.Release|Any CPU.ActiveCfg = Release|Any CPU
		{D098E3D1-88A6-4217-87EF-5156A20E9472}.Release|Any CPU.Build.0 = Release|Any CPU
		{6DB1250B-E402-4F82-BD10-442FF16F757F}.Debug|Any CPU.ActiveCfg = Debug|Any CPU
		{6DB1250B-E402-4F82-BD10-442FF16F757F}.Debug|Any CPU.Build.0 = Debug|Any CPU
		{6DB1250B-E402-4F82-BD10-442FF16F757F}.Release|Any CPU.ActiveCfg = Release|Any CPU
		{6DB1250B-E402-4F82-BD10-442FF16F757F}.Release|Any CPU.Build.0 = Release|Any CPU
		{9F923AB8-FFAE-4A04-93F9-D1A5297FE927}.Debug|Any CPU.ActiveCfg = Debug|Any CPU
		{9F923AB8-FFAE-4A04-93F9-D1A5297FE927}.Debug|Any CPU.Build.0 = Debug|Any CPU
		{9F923AB8-FFAE-4A04-93F9-D1A5297FE927}.Release|Any CPU.ActiveCfg = Release|Any CPU
		{9F923AB8-FFAE-4A04-93F9-D1A5297FE927}.Release|Any CPU.Build.0 = Release|Any CPU
		{80A33EDD-E9C9-4085-A114-0EA2548CFE60}.Debug|Any CPU.ActiveCfg = Debug|Any CPU
		{80A33EDD-E9C9-4085-A114-0EA2548CFE60}.Debug|Any CPU.Build.0 = Debug|Any CPU
		{80A33EDD-E9C9-4085-A114-0EA2548CFE60}.Release|Any CPU.ActiveCfg = Release|Any CPU
		{80A33EDD-E9C9-4085-A114-0EA2548CFE60}.Release|Any CPU.Build.0 = Release|Any CPU
	EndGlobalSection
EndGlobal
